
Microsoft Visual Studio Solution File, Format Version 12.00
# Visual Studio 15
VisualStudioVersion = 15.0.27428.2015
MinimumVisualStudioVersion = 10.0.40219.1
Project("{FAE04EC0-301F-11D3-BF4B-00C04F79EFBC}") = "Lesson 06 Menu", "Lesson 06 Menu\Lesson 06 Menu.csproj", "{CA2E42B3-64DB-476E-9FAB-6231E0A2EEC3}"
EndProject
Global
	GlobalSection(SolutionConfigurationPlatforms) = preSolution
		Debug|Any CPU = Debug|Any CPU
		Release|Any CPU = Release|Any CPU
	EndGlobalSection
	GlobalSection(ProjectConfigurationPlatforms) = postSolution
		{CA2E42B3-64DB-476E-9FAB-6231E0A2EEC3}.Debug|Any CPU.ActiveCfg = Debug|Any CPU
		{CA2E42B3-64DB-476E-9FAB-6231E0A2EEC3}.Debug|Any CPU.Build.0 = Debug|Any CPU
		{CA2E42B3-64DB-476E-9FAB-6231E0A2EEC3}.Release|Any CPU.ActiveCfg = Release|Any CPU
		{CA2E42B3-64DB-476E-9FAB-6231E0A2EEC3}.Release|Any CPU.Build.0 = Release|Any CPU
	EndGlobalSection
	GlobalSection(SolutionProperties) = preSolution
		HideSolutionNode = FALSE
	EndGlobalSection
	GlobalSection(ExtensibilityGlobals) = postSolution
		SolutionGuid = {A506C7A4-1F74-4385-B8F5-110109AB0271}
	EndGlobalSection
EndGlobal
